
Microsoft Visual Studio Solution File, Format Version 12.00
# Visual Studio Version 17
VisualStudioVersion = 17.6.33723.286
MinimumVisualStudioVersion = 10.0.40219.1
Project("{FAE04EC0-301F-11D3-BF4B-00C04F79EFBC}") = "BandasC#", "BandasC#.csproj", "{068066FA-9EFC-4882-ADDB-66E97E4892F9}"
EndProject
Global
	GlobalSection(SolutionConfigurationPlatforms) = preSolution
		Debug|Any CPU = Debug|Any CPU
		Release|Any CPU = Release|Any CPU
	EndGlobalSection
	GlobalSection(ProjectConfigurationPlatforms) = postSolution
		{068066FA-9EFC-4882-ADDB-66E97E4892F9}.Debug|Any CPU.ActiveCfg = Debug|Any CPU
		{068066FA-9EFC-4882-ADDB-66E97E4892F9}.Debug|Any CPU.Build.0 = Debug|Any CPU
		{068066FA-9EFC-4882-ADDB-66E97E4892F9}.Release|Any CPU.ActiveCfg = Release|Any CPU
		{068066FA-9EFC-4882-ADDB-66E97E4892F9}.Release|Any CPU.Build.0 = Release|Any CPU
	EndGlobalSection
	GlobalSection(SolutionProperties) = preSolution
		HideSolutionNode = FALSE
	EndGlobalSection
	GlobalSection(ExtensibilityGlobals) = postSolution
		SolutionGuid = {C1715B70-1AC3-4F23-B098-813F7450F758}
	EndGlobalSection
EndGlobal
